
Microsoft Visual Studio Solution File, Format Version 12.00
# Visual Studio Version 16
VisualStudioVersion = 16.0.30611.23
MinimumVisualStudioVersion = 10.0.40219.1
Project("{FAE04EC0-301F-11D3-BF4B-00C04F79EFBC}") = "Lab2", "Lab2\Lab2.csproj", "{AF2E9AA9-5F96-4EB3-BFCC-27A018440259}"
EndProject
Global
	GlobalSection(SolutionConfigurationPlatforms) = preSolution
		Debug|Any CPU = Debug|Any CPU
		Release|Any CPU = Release|Any CPU
	EndGlobalSection
	GlobalSection(ProjectConfigurationPlatforms) = postSolution
		{AF2E9AA9-5F96-4EB3-BFCC-27A018440259}.Debug|Any CPU.ActiveCfg = Debug|Any CPU
		{AF2E9AA9-5F96-4EB3-BFCC-27A018440259}.Debug|Any CPU.Build.0 = Debug|Any CPU
		{AF2E9AA9-5F96-4EB3-BFCC-27A018440259}.Release|Any CPU.ActiveCfg = Release|Any CPU
		{AF2E9AA9-5F96-4EB3-BFCC-27A018440259}.Release|Any CPU.Build.0 = Release|Any CPU
	EndGlobalSection
	GlobalSection(SolutionProperties) = preSolution
		HideSolutionNode = FALSE
	EndGlobalSection
	GlobalSection(ExtensibilityGlobals) = postSolution
		SolutionGuid = {725EE63E-0306-4323-98A6-D5673ED526B5}
	EndGlobalSection
EndGlobal
